// !$*UTF8*$!
{
	archiveVersion = 1;
	classes = {
	};
	objectVersion = 56;
	objects = {

/* Begin PBXBuildFile section */
		7906445E2C30541A00352F6F /* GoogleService-Info.plist in Resources */ = {isa = PBXBuildFile; fileRef = 7906445D2C30541A00352F6F /* GoogleService-Info.plist */; };
		7909A7772B53431E00417C60 /* AppDelegate.swift in Sources */ = {isa = PBXBuildFile; fileRef = 7909A7762B53431E00417C60 /* AppDelegate.swift */; };
		7909A7792B53431E00417C60 /* SceneDelegate.swift in Sources */ = {isa = PBXBuildFile; fileRef = 7909A7782B53431E00417C60 /* SceneDelegate.swift */; };
		7909A77B2B53431E00417C60 /* HomeViewController.swift in Sources */ = {isa = PBXBuildFile; fileRef = 7909A77A2B53431E00417C60 /* HomeViewController.swift */; };
		7909A7802B53431F00417C60 /* Assets.xcassets in Resources */ = {isa = PBXBuildFile; fileRef = 7909A77F2B53431F00417C60 /* Assets.xcassets */; };
		7909A7832B53431F00417C60 /* LaunchScreen.storyboard in Resources */ = {isa = PBXBuildFile; fileRef = 7909A7812B53431F00417C60 /* LaunchScreen.storyboard */; };
		7909A78B2B53441900417C60 /* HomeCollectionView.swift in Sources */ = {isa = PBXBuildFile; fileRef = 7909A78A2B53441900417C60 /* HomeCollectionView.swift */; };
		7909A78D2B53444400417C60 /* Command.swift in Sources */ = {isa = PBXBuildFile; fileRef = 7909A78C2B53444400417C60 /* Command.swift */; };
		7909A78F2B53459800417C60 /* HashItem.swift in Sources */ = {isa = PBXBuildFile; fileRef = 7909A78E2B53459800417C60 /* HashItem.swift */; };
		7909A7912B534C6E00417C60 /* LoopingVideoPlayerView.swift in Sources */ = {isa = PBXBuildFile; fileRef = 7909A7902B534C6E00417C60 /* LoopingVideoPlayerView.swift */; };
		7909A7932B534CCA00417C60 /* VideoPlayerView.swift in Sources */ = {isa = PBXBuildFile; fileRef = 7909A7922B534CCA00417C60 /* VideoPlayerView.swift */; };
		7909A7952B534D1F00417C60 /* NoNibView.swift in Sources */ = {isa = PBXBuildFile; fileRef = 7909A7942B534D1F00417C60 /* NoNibView.swift */; };
		7909A7972B534D6500417C60 /* AVPlayer+Extension.swift in Sources */ = {isa = PBXBuildFile; fileRef = 7909A7962B534D6500417C60 /* AVPlayer+Extension.swift */; };
		7909A7992B534E7800417C60 /* HeaderCell.swift in Sources */ = {isa = PBXBuildFile; fileRef = 7909A7982B534E7800417C60 /* HeaderCell.swift */; };
		7909A79B2B534E9E00417C60 /* ImageCell.swift in Sources */ = {isa = PBXBuildFile; fileRef = 7909A79A2B534E9E00417C60 /* ImageCell.swift */; };
		7909A79E2B534EF200417C60 /* SDWebImage in Frameworks */ = {isa = PBXBuildFile; productRef = 7909A79D2B534EF200417C60 /* SDWebImage */; };
		7909A7A02B534EF200417C60 /* SDWebImageMapKit in Frameworks */ = {isa = PBXBuildFile; productRef = 7909A79F2B534EF200417C60 /* SDWebImageMapKit */; };
		7909A7A32B53501400417C60 /* SnapKit in Frameworks */ = {isa = PBXBuildFile; productRef = 7909A7A22B53501400417C60 /* SnapKit */; };
		7909A7A52B53501400417C60 /* SnapKit-Dynamic in Frameworks */ = {isa = PBXBuildFile; productRef = 7909A7A42B53501400417C60 /* SnapKit-Dynamic */; };
		7909A7A72B53538400417C60 /* ControlTouchRecognizer.swift in Sources */ = {isa = PBXBuildFile; fileRef = 7909A7A62B53538400417C60 /* ControlTouchRecognizer.swift */; };
		7909A7AA2B5355E400417C60 /* DisplayLink.swift in Sources */ = {isa = PBXBuildFile; fileRef = 7909A7A92B5355E400417C60 /* DisplayLink.swift */; };
		7909A7AE2B5357FD00417C60 /* ProcessingHeaderCell.swift in Sources */ = {isa = PBXBuildFile; fileRef = 7909A7AD2B5357FD00417C60 /* ProcessingHeaderCell.swift */; };
		7909A7B02B53589E00417C60 /* UIView+Extension.swift in Sources */ = {isa = PBXBuildFile; fileRef = 7909A7AF2B53589E00417C60 /* UIView+Extension.swift */; };
		7909A7B22B5358D300417C60 /* ContentCell.swift in Sources */ = {isa = PBXBuildFile; fileRef = 7909A7B12B5358D300417C60 /* ContentCell.swift */; };
		7909A7B42B53593000417C60 /* GradientView.swift in Sources */ = {isa = PBXBuildFile; fileRef = 7909A7B32B53593000417C60 /* GradientView.swift */; };
		7909A7B82B535AB600417C60 /* Colors.xcassets in Resources */ = {isa = PBXBuildFile; fileRef = 7909A7B72B535AB600417C60 /* Colors.xcassets */; };
		7909A7C62B535B9D00417C60 /* SF-Pro-Display-Bold.otf in Resources */ = {isa = PBXBuildFile; fileRef = 7909A7BA2B535B9D00417C60 /* SF-Pro-Display-Bold.otf */; };
		7909A7CC2B535B9D00417C60 /* SF-Pro-Display-Semibold.otf in Resources */ = {isa = PBXBuildFile; fileRef = 7909A7C02B535B9D00417C60 /* SF-Pro-Display-Semibold.otf */; };
		7909A7CE2B535B9D00417C60 /* SF-Pro-Display-Regular.otf in Resources */ = {isa = PBXBuildFile; fileRef = 7909A7C22B535B9D00417C60 /* SF-Pro-Display-Regular.otf */; };
		7909A7D02B535B9D00417C60 /* SF-Pro-Display-Medium.otf in Resources */ = {isa = PBXBuildFile; fileRef = 7909A7C42B535B9D00417C60 /* SF-Pro-Display-Medium.otf */; };
		7909A7D12B535B9D00417C60 /* SF-Pro-Display-Black.otf in Resources */ = {isa = PBXBuildFile; fileRef = 7909A7C52B535B9D00417C60 /* SF-Pro-Display-Black.otf */; };
		7909A7D52B535C3F00417C60 /* Strings.strings in Resources */ = {isa = PBXBuildFile; fileRef = 7909A7D42B535C3F00417C60 /* Strings.strings */; };
		7909A7D72B535E5800417C60 /* HorizontalScrollCell.swift in Sources */ = {isa = PBXBuildFile; fileRef = 7909A7D62B535E5800417C60 /* HorizontalScrollCell.swift */; };
		7909A7D92B535EA800417C60 /* MultipleImageCell.swift in Sources */ = {isa = PBXBuildFile; fileRef = 7909A7D82B535EA800417C60 /* MultipleImageCell.swift */; };
		7909A7DD2B53600E00417C60 /* UICollectionView+Extension.swift in Sources */ = {isa = PBXBuildFile; fileRef = 7909A7DC2B53600E00417C60 /* UICollectionView+Extension.swift */; };
		7909A7DF2B5361C000417C60 /* SectionHeaderView.swift in Sources */ = {isa = PBXBuildFile; fileRef = 7909A7DE2B5361C000417C60 /* SectionHeaderView.swift */; };
		7909A7E12B53620400417C60 /* NoNibCollectionReusableView.swift in Sources */ = {isa = PBXBuildFile; fileRef = 7909A7E02B53620400417C60 /* NoNibCollectionReusableView.swift */; };
		7909A7E32B53631600417C60 /* searchEmptyResult.gif in Resources */ = {isa = PBXBuildFile; fileRef = 7909A7E22B53631600417C60 /* searchEmptyResult.gif */; };
		7909A7E62B5363C300417C60 /* LimitedArray.swift in Sources */ = {isa = PBXBuildFile; fileRef = 7909A7E52B5363C300417C60 /* LimitedArray.swift */; };
		7909A7EA2B53649C00417C60 /* Atomic.swift in Sources */ = {isa = PBXBuildFile; fileRef = 7909A7E92B53649C00417C60 /* Atomic.swift */; };
		7909A7EC2B53652D00417C60 /* Publisher+Extension.swift in Sources */ = {isa = PBXBuildFile; fileRef = 7909A7EB2B53652D00417C60 /* Publisher+Extension.swift */; };
		7909A7EE2B53657500417C60 /* Array+Extension.swift in Sources */ = {isa = PBXBuildFile; fileRef = 7909A7ED2B53657500417C60 /* Array+Extension.swift */; };
		7909A7F42B5369BB00417C60 /* UICollectionReusableView+Extensions.swift in Sources */ = {isa = PBXBuildFile; fileRef = 7909A7F32B5369BB00417C60 /* UICollectionReusableView+Extensions.swift */; };
		7909A7F62B536B2B00417C60 /* CompositionalLayout+Extension.swift in Sources */ = {isa = PBXBuildFile; fileRef = 7909A7F52B536B2B00417C60 /* CompositionalLayout+Extension.swift */; };
		7909A7F82B536BEC00417C60 /* UIStackView+Extensions.swift in Sources */ = {isa = PBXBuildFile; fileRef = 7909A7F72B536BEC00417C60 /* UIStackView+Extensions.swift */; };
		7909A7FA2B536C5F00417C60 /* Collection+Extension.swift in Sources */ = {isa = PBXBuildFile; fileRef = 7909A7F92B536C5F00417C60 /* Collection+Extension.swift */; };
		7909A7FD2B536E7A00417C60 /* Fonts.swift in Sources */ = {isa = PBXBuildFile; fileRef = 7909A7FC2B536E7A00417C60 /* Fonts.swift */; };
		790AEB5B2B6E61DF004A1784 /* BackgroundDecorationView.swift in Sources */ = {isa = PBXBuildFile; fileRef = 790AEB5A2B6E61DF004A1784 /* BackgroundDecorationView.swift */; };
		790AEB5D2B6E6240004A1784 /* HeaderView.swift in Sources */ = {isa = PBXBuildFile; fileRef = 790AEB5C2B6E6240004A1784 /* HeaderView.swift */; };
		792C01472C28B891003EA585 /* ClassicQuizCell.swift in Sources */ = {isa = PBXBuildFile; fileRef = 792C01462C28B891003EA585 /* ClassicQuizCell.swift */; };
		79383C522C2ADC7300F1E3CB /* ModelsDTO.swift in Sources */ = {isa = PBXBuildFile; fileRef = 79383C512C2ADC7300F1E3CB /* ModelsDTO.swift */; };
		79383C552C2AF7B900F1E3CB /* HomeUtils.swift in Sources */ = {isa = PBXBuildFile; fileRef = 79383C542C2AF7B900F1E3CB /* HomeUtils.swift */; };
		79383C592C2B0B8900F1E3CB /* UIApplication+Extension.swift in Sources */ = {isa = PBXBuildFile; fileRef = 79383C582C2B0B8900F1E3CB /* UIApplication+Extension.swift */; };
		7939E3012C2E169100A5C480 /* InsetTextfield.swift in Sources */ = {isa = PBXBuildFile; fileRef = 7939E3002C2E169100A5C480 /* InsetTextfield.swift */; };
		7939E3032C2E18BA00A5C480 /* AppConstants.swift in Sources */ = {isa = PBXBuildFile; fileRef = 7939E3022C2E18BA00A5C480 /* AppConstants.swift */; };
		7939E3052C2E20AF00A5C480 /* EmptyStateView.swift in Sources */ = {isa = PBXBuildFile; fileRef = 7939E3042C2E20AF00A5C480 /* EmptyStateView.swift */; };
		796679052C2B62260079416C /* LoaderButton.swift in Sources */ = {isa = PBXBuildFile; fileRef = 796679042C2B62260079416C /* LoaderButton.swift */; };
		796679082C2B667C0079416C /* CirclesActivityIndicator.swift in Sources */ = {isa = PBXBuildFile; fileRef = 796679072C2B667C0079416C /* CirclesActivityIndicator.swift */; };
		7969D90C2B895C2800A67963 /* BaseViewController.swift in Sources */ = {isa = PBXBuildFile; fileRef = 7969D90B2B895C2800A67963 /* BaseViewController.swift */; };
		7969D90E2B895C6800A67963 /* Presenter.swift in Sources */ = {isa = PBXBuildFile; fileRef = 7969D90D2B895C6800A67963 /* Presenter.swift */; };
		79752CD42C30B1620034F03D /* AlamofireDynamic in Embed Frameworks */ = {isa = PBXBuildFile; productRef = 79A22EC52BFFE32500FF13A0 /* AlamofireDynamic */; settings = {ATTRIBUTES = (CodeSignOnCopy, ); }; };
		79752CD62C30B1630034F03D /* SnapKit-Dynamic in Embed Frameworks */ = {isa = PBXBuildFile; productRef = 7909A7A42B53501400417C60 /* SnapKit-Dynamic */; settings = {ATTRIBUTES = (CodeSignOnCopy, ); }; };
		79785ECE2C2CB05400D4A1C6 /* AnswerService.swift in Sources */ = {isa = PBXBuildFile; fileRef = 79785ECD2C2CB05400D4A1C6 /* AnswerService.swift */; };
		79785ED12C2CB14600D4A1C6 /* ClassicQuizModel.swift in Sources */ = {isa = PBXBuildFile; fileRef = 79785ED02C2CB14600D4A1C6 /* ClassicQuizModel.swift */; };
		79785ED32C2CBB7800D4A1C6 /* AnswerState.swift in Sources */ = {isa = PBXBuildFile; fileRef = 79785ED22C2CBB7800D4A1C6 /* AnswerState.swift */; };
		799F7A432B6E66180080D304 /* reface-assets.stencil in Resources */ = {isa = PBXBuildFile; fileRef = 799F7A402B6E66180080D304 /* reface-assets.stencil */; };
		799F7A442B6E66180080D304 /* reface-colors.stencil in Resources */ = {isa = PBXBuildFile; fileRef = 799F7A412B6E66180080D304 /* reface-colors.stencil */; };
		799F7A452B6E66180080D304 /* reface-strings.stencil in Resources */ = {isa = PBXBuildFile; fileRef = 799F7A422B6E66180080D304 /* reface-strings.stencil */; };
		799F7A4F2B6E66A20080D304 /* SnapKit in Frameworks */ = {isa = PBXBuildFile; productRef = 799F7A4E2B6E66A20080D304 /* SnapKit */; };
		799F7A512B6E66A20080D304 /* SnapKit-Dynamic in Frameworks */ = {isa = PBXBuildFile; productRef = 799F7A502B6E66A20080D304 /* SnapKit-Dynamic */; };
		799F7A642B6E69910080D304 /* HomePresenter.swift in Sources */ = {isa = PBXBuildFile; fileRef = 799F7A632B6E69910080D304 /* HomePresenter.swift */; };
		79A22EC42BFFE32500FF13A0 /* Alamofire in Frameworks */ = {isa = PBXBuildFile; productRef = 79A22EC32BFFE32500FF13A0 /* Alamofire */; };
		79A22EC62BFFE32500FF13A0 /* AlamofireDynamic in Frameworks */ = {isa = PBXBuildFile; productRef = 79A22EC52BFFE32500FF13A0 /* AlamofireDynamic */; };
		79A22ECA2BFFE8E800FF13A0 /* RequestBuilder.swift in Sources */ = {isa = PBXBuildFile; fileRef = 79A22EC92BFFE8E800FF13A0 /* RequestBuilder.swift */; };
		79A22ED02BFFE9A400FF13A0 /* Networking.swift in Sources */ = {isa = PBXBuildFile; fileRef = 79A22ECF2BFFE9A400FF13A0 /* Networking.swift */; };
		79A22ED22BFFEF4700FF13A0 /* JSONDecoding.swift in Sources */ = {isa = PBXBuildFile; fileRef = 79A22ED12BFFEF4700FF13A0 /* JSONDecoding.swift */; };
		79A22ED42BFFF5A600FF13A0 /* APIClient.swift in Sources */ = {isa = PBXBuildFile; fileRef = 79A22ED32BFFF5A600FF13A0 /* APIClient.swift */; };
		79A8F89B2C2EFD16006F5855 /* ClassicQuizFetchParams.swift in Sources */ = {isa = PBXBuildFile; fileRef = 79A8F89A2C2EFD16006F5855 /* ClassicQuizFetchParams.swift */; };
		79A8F89E2C2F0F09006F5855 /* ClassicQuizPrompt.swift in Sources */ = {isa = PBXBuildFile; fileRef = 79A8F89D2C2F0F09006F5855 /* ClassicQuizPrompt.swift */; };
		79BB61BC2C2759A2004084C2 /* MultipleImagePreviewCell.swift in Sources */ = {isa = PBXBuildFile; fileRef = 79BB61BB2C2759A2004084C2 /* MultipleImagePreviewCell.swift */; };
		79EB692C2C0A8386008C055D /* APIRequest.swift in Sources */ = {isa = PBXBuildFile; fileRef = 79EB692B2C0A8386008C055D /* APIRequest.swift */; };
		79EB692E2C0A83CF008C055D /* APIError.swift in Sources */ = {isa = PBXBuildFile; fileRef = 79EB692D2C0A83CF008C055D /* APIError.swift */; };
/* End PBXBuildFile section */

/* Begin PBXCopyFilesBuildPhase section */
		79752CD52C30B1620034F03D /* Embed Frameworks */ = {
			isa = PBXCopyFilesBuildPhase;
			buildActionMask = 2147483647;
			dstPath = "";
			dstSubfolderSpec = 10;
			files = (
				79752CD42C30B1620034F03D /* AlamofireDynamic in Embed Frameworks */,
				79752CD62C30B1630034F03D /* SnapKit-Dynamic in Embed Frameworks */,
			);
			name = "Embed Frameworks";
			runOnlyForDeploymentPostprocessing = 0;
		};
/* End PBXCopyFilesBuildPhase section */

/* Begin PBXFileReference section */
		7906445D2C30541A00352F6F /* GoogleService-Info.plist */ = {isa = PBXFileReference; fileEncoding = 4; lastKnownFileType = text.plist.xml; path = "GoogleService-Info.plist"; sourceTree = "<group>"; };
		7909A7732B53431E00417C60 /* Unknown.app */ = {isa = PBXFileReference; explicitFileType = wrapper.application; includeInIndex = 0; path = Unknown.app; sourceTree = BUILT_PRODUCTS_DIR; };
		7909A7762B53431E00417C60 /* AppDelegate.swift */ = {isa = PBXFileReference; lastKnownFileType = sourcecode.swift; path = AppDelegate.swift; sourceTree = "<group>"; };
		7909A7782B53431E00417C60 /* SceneDelegate.swift */ = {isa = PBXFileReference; lastKnownFileType = sourcecode.swift; path = SceneDelegate.swift; sourceTree = "<group>"; };
		7909A77A2B53431E00417C60 /* HomeViewController.swift */ = {isa = PBXFileReference; lastKnownFileType = sourcecode.swift; path = HomeViewController.swift; sourceTree = "<group>"; };
		7909A77F2B53431F00417C60 /* Assets.xcassets */ = {isa = PBXFileReference; lastKnownFileType = folder.assetcatalog; path = Assets.xcassets; sourceTree = "<group>"; };
		7909A7822B53431F00417C60 /* Base */ = {isa = PBXFileReference; lastKnownFileType = file.storyboard; name = Base; path = Base.lproj/LaunchScreen.storyboard; sourceTree = "<group>"; };
		7909A7842B53431F00417C60 /* Info.plist */ = {isa = PBXFileReference; lastKnownFileType = text.plist.xml; path = Info.plist; sourceTree = "<group>"; };
		7909A78A2B53441900417C60 /* HomeCollectionView.swift */ = {isa = PBXFileReference; lastKnownFileType = sourcecode.swift; path = HomeCollectionView.swift; sourceTree = "<group>"; };
		7909A78C2B53444400417C60 /* Command.swift */ = {isa = PBXFileReference; lastKnownFileType = sourcecode.swift; path = Command.swift; sourceTree = "<group>"; };
		7909A78E2B53459800417C60 /* HashItem.swift */ = {isa = PBXFileReference; lastKnownFileType = sourcecode.swift; path = HashItem.swift; sourceTree = "<group>"; };
		7909A7902B534C6E00417C60 /* LoopingVideoPlayerView.swift */ = {isa = PBXFileReference; lastKnownFileType = sourcecode.swift; path = LoopingVideoPlayerView.swift; sourceTree = "<group>"; };
		7909A7922B534CCA00417C60 /* VideoPlayerView.swift */ = {isa = PBXFileReference; lastKnownFileType = sourcecode.swift; path = VideoPlayerView.swift; sourceTree = "<group>"; };
		7909A7942B534D1F00417C60 /* NoNibView.swift */ = {isa = PBXFileReference; lastKnownFileType = sourcecode.swift; path = NoNibView.swift; sourceTree = "<group>"; };
		7909A7962B534D6500417C60 /* AVPlayer+Extension.swift */ = {isa = PBXFileReference; lastKnownFileType = sourcecode.swift; path = "AVPlayer+Extension.swift"; sourceTree = "<group>"; };
		7909A7982B534E7800417C60 /* HeaderCell.swift */ = {isa = PBXFileReference; lastKnownFileType = sourcecode.swift; path = HeaderCell.swift; sourceTree = "<group>"; };
		7909A79A2B534E9E00417C60 /* ImageCell.swift */ = {isa = PBXFileReference; lastKnownFileType = sourcecode.swift; path = ImageCell.swift; sourceTree = "<group>"; };
		7909A7A62B53538400417C60 /* ControlTouchRecognizer.swift */ = {isa = PBXFileReference; lastKnownFileType = sourcecode.swift; path = ControlTouchRecognizer.swift; sourceTree = "<group>"; };
		7909A7A92B5355E400417C60 /* DisplayLink.swift */ = {isa = PBXFileReference; lastKnownFileType = sourcecode.swift; path = DisplayLink.swift; sourceTree = "<group>"; };
		7909A7AD2B5357FD00417C60 /* ProcessingHeaderCell.swift */ = {isa = PBXFileReference; lastKnownFileType = sourcecode.swift; path = ProcessingHeaderCell.swift; sourceTree = "<group>"; };
		7909A7AF2B53589E00417C60 /* UIView+Extension.swift */ = {isa = PBXFileReference; lastKnownFileType = sourcecode.swift; path = "UIView+Extension.swift"; sourceTree = "<group>"; };
		7909A7B12B5358D300417C60 /* ContentCell.swift */ = {isa = PBXFileReference; lastKnownFileType = sourcecode.swift; path = ContentCell.swift; sourceTree = "<group>"; };
		7909A7B32B53593000417C60 /* GradientView.swift */ = {isa = PBXFileReference; lastKnownFileType = sourcecode.swift; path = GradientView.swift; sourceTree = "<group>"; };
		7909A7B72B535AB600417C60 /* Colors.xcassets */ = {isa = PBXFileReference; lastKnownFileType = folder.assetcatalog; path = Colors.xcassets; sourceTree = "<group>"; };
		7909A7BA2B535B9D00417C60 /* SF-Pro-Display-Bold.otf */ = {isa = PBXFileReference; lastKnownFileType = file; path = "SF-Pro-Display-Bold.otf"; sourceTree = "<group>"; };
		7909A7C02B535B9D00417C60 /* SF-Pro-Display-Semibold.otf */ = {isa = PBXFileReference; lastKnownFileType = file; path = "SF-Pro-Display-Semibold.otf"; sourceTree = "<group>"; };
		7909A7C22B535B9D00417C60 /* SF-Pro-Display-Regular.otf */ = {isa = PBXFileReference; lastKnownFileType = file; path = "SF-Pro-Display-Regular.otf"; sourceTree = "<group>"; };
		7909A7C42B535B9D00417C60 /* SF-Pro-Display-Medium.otf */ = {isa = PBXFileReference; lastKnownFileType = file; path = "SF-Pro-Display-Medium.otf"; sourceTree = "<group>"; };
		7909A7C52B535B9D00417C60 /* SF-Pro-Display-Black.otf */ = {isa = PBXFileReference; lastKnownFileType = file; path = "SF-Pro-Display-Black.otf"; sourceTree = "<group>"; };
		7909A7D42B535C3F00417C60 /* Strings.strings */ = {isa = PBXFileReference; lastKnownFileType = text.plist.strings; path = Strings.strings; sourceTree = "<group>"; };
		7909A7D62B535E5800417C60 /* HorizontalScrollCell.swift */ = {isa = PBXFileReference; lastKnownFileType = sourcecode.swift; path = HorizontalScrollCell.swift; sourceTree = "<group>"; };
		7909A7D82B535EA800417C60 /* MultipleImageCell.swift */ = {isa = PBXFileReference; lastKnownFileType = sourcecode.swift; path = MultipleImageCell.swift; sourceTree = "<group>"; };
		7909A7DC2B53600E00417C60 /* UICollectionView+Extension.swift */ = {isa = PBXFileReference; lastKnownFileType = sourcecode.swift; path = "UICollectionView+Extension.swift"; sourceTree = "<group>"; };
		7909A7DE2B5361C000417C60 /* SectionHeaderView.swift */ = {isa = PBXFileReference; lastKnownFileType = sourcecode.swift; path = SectionHeaderView.swift; sourceTree = "<group>"; };
		7909A7E02B53620400417C60 /* NoNibCollectionReusableView.swift */ = {isa = PBXFileReference; lastKnownFileType = sourcecode.swift; path = NoNibCollectionReusableView.swift; sourceTree = "<group>"; };
		7909A7E22B53631600417C60 /* searchEmptyResult.gif */ = {isa = PBXFileReference; lastKnownFileType = image.gif; path = searchEmptyResult.gif; sourceTree = "<group>"; };
		7909A7E52B5363C300417C60 /* LimitedArray.swift */ = {isa = PBXFileReference; lastKnownFileType = sourcecode.swift; path = LimitedArray.swift; sourceTree = "<group>"; };
		7909A7E92B53649C00417C60 /* Atomic.swift */ = {isa = PBXFileReference; lastKnownFileType = sourcecode.swift; path = Atomic.swift; sourceTree = "<group>"; };
		7909A7EB2B53652D00417C60 /* Publisher+Extension.swift */ = {isa = PBXFileReference; lastKnownFileType = sourcecode.swift; path = "Publisher+Extension.swift"; sourceTree = "<group>"; };
		7909A7ED2B53657500417C60 /* Array+Extension.swift */ = {isa = PBXFileReference; lastKnownFileType = sourcecode.swift; path = "Array+Extension.swift"; sourceTree = "<group>"; };
		7909A7F32B5369BB00417C60 /* UICollectionReusableView+Extensions.swift */ = {isa = PBXFileReference; lastKnownFileType = sourcecode.swift; path = "UICollectionReusableView+Extensions.swift"; sourceTree = "<group>"; };
		7909A7F52B536B2B00417C60 /* CompositionalLayout+Extension.swift */ = {isa = PBXFileReference; lastKnownFileType = sourcecode.swift; path = "CompositionalLayout+Extension.swift"; sourceTree = "<group>"; };
		7909A7F72B536BEC00417C60 /* UIStackView+Extensions.swift */ = {isa = PBXFileReference; lastKnownFileType = sourcecode.swift; path = "UIStackView+Extensions.swift"; sourceTree = "<group>"; };
		7909A7F92B536C5F00417C60 /* Collection+Extension.swift */ = {isa = PBXFileReference; lastKnownFileType = sourcecode.swift; path = "Collection+Extension.swift"; sourceTree = "<group>"; };
		7909A7FC2B536E7A00417C60 /* Fonts.swift */ = {isa = PBXFileReference; lastKnownFileType = sourcecode.swift; path = Fonts.swift; sourceTree = "<group>"; };
		790AEB5A2B6E61DF004A1784 /* BackgroundDecorationView.swift */ = {isa = PBXFileReference; lastKnownFileType = sourcecode.swift; path = BackgroundDecorationView.swift; sourceTree = "<group>"; };
		790AEB5C2B6E6240004A1784 /* HeaderView.swift */ = {isa = PBXFileReference; lastKnownFileType = sourcecode.swift; path = HeaderView.swift; sourceTree = "<group>"; };
		792C01462C28B891003EA585 /* ClassicQuizCell.swift */ = {isa = PBXFileReference; lastKnownFileType = sourcecode.swift; path = ClassicQuizCell.swift; sourceTree = "<group>"; };
		79383C512C2ADC7300F1E3CB /* ModelsDTO.swift */ = {isa = PBXFileReference; lastKnownFileType = sourcecode.swift; path = ModelsDTO.swift; sourceTree = "<group>"; };
		79383C542C2AF7B900F1E3CB /* HomeUtils.swift */ = {isa = PBXFileReference; lastKnownFileType = sourcecode.swift; path = HomeUtils.swift; sourceTree = "<group>"; };
		79383C582C2B0B8900F1E3CB /* UIApplication+Extension.swift */ = {isa = PBXFileReference; lastKnownFileType = sourcecode.swift; path = "UIApplication+Extension.swift"; sourceTree = "<group>"; };
		7939E3002C2E169100A5C480 /* InsetTextfield.swift */ = {isa = PBXFileReference; lastKnownFileType = sourcecode.swift; path = InsetTextfield.swift; sourceTree = "<group>"; };
		7939E3022C2E18BA00A5C480 /* AppConstants.swift */ = {isa = PBXFileReference; lastKnownFileType = sourcecode.swift; path = AppConstants.swift; sourceTree = "<group>"; };
		7939E3042C2E20AF00A5C480 /* EmptyStateView.swift */ = {isa = PBXFileReference; lastKnownFileType = sourcecode.swift; path = EmptyStateView.swift; sourceTree = "<group>"; };
		796679042C2B62260079416C /* LoaderButton.swift */ = {isa = PBXFileReference; lastKnownFileType = sourcecode.swift; path = LoaderButton.swift; sourceTree = "<group>"; };
		796679072C2B667C0079416C /* CirclesActivityIndicator.swift */ = {isa = PBXFileReference; lastKnownFileType = sourcecode.swift; path = CirclesActivityIndicator.swift; sourceTree = "<group>"; };
		7969D90B2B895C2800A67963 /* BaseViewController.swift */ = {isa = PBXFileReference; lastKnownFileType = sourcecode.swift; path = BaseViewController.swift; sourceTree = "<group>"; };
		7969D90D2B895C6800A67963 /* Presenter.swift */ = {isa = PBXFileReference; lastKnownFileType = sourcecode.swift; path = Presenter.swift; sourceTree = "<group>"; };
		79785ECD2C2CB05400D4A1C6 /* AnswerService.swift */ = {isa = PBXFileReference; lastKnownFileType = sourcecode.swift; path = AnswerService.swift; sourceTree = "<group>"; };
		79785ED02C2CB14600D4A1C6 /* ClassicQuizModel.swift */ = {isa = PBXFileReference; lastKnownFileType = sourcecode.swift; path = ClassicQuizModel.swift; sourceTree = "<group>"; };
		79785ED22C2CBB7800D4A1C6 /* AnswerState.swift */ = {isa = PBXFileReference; lastKnownFileType = sourcecode.swift; path = AnswerState.swift; sourceTree = "<group>"; };
		799F7A402B6E66180080D304 /* reface-assets.stencil */ = {isa = PBXFileReference; fileEncoding = 4; lastKnownFileType = text; path = "reface-assets.stencil"; sourceTree = "<group>"; };
		799F7A412B6E66180080D304 /* reface-colors.stencil */ = {isa = PBXFileReference; fileEncoding = 4; lastKnownFileType = text; path = "reface-colors.stencil"; sourceTree = "<group>"; };
		799F7A422B6E66180080D304 /* reface-strings.stencil */ = {isa = PBXFileReference; fileEncoding = 4; lastKnownFileType = text; path = "reface-strings.stencil"; sourceTree = "<group>"; };
		799F7A462B6E66270080D304 /* Assets.swift */ = {isa = PBXFileReference; fileEncoding = 4; lastKnownFileType = sourcecode.swift; path = Assets.swift; sourceTree = "<group>"; };
		799F7A472B6E66270080D304 /* Colors.swift */ = {isa = PBXFileReference; fileEncoding = 4; lastKnownFileType = sourcecode.swift; path = Colors.swift; sourceTree = "<group>"; };
		799F7A482B6E66270080D304 /* BundleToken.swift */ = {isa = PBXFileReference; fileEncoding = 4; lastKnownFileType = sourcecode.swift; path = BundleToken.swift; sourceTree = "<group>"; };
		799F7A492B6E66270080D304 /* Strings.swift */ = {isa = PBXFileReference; fileEncoding = 4; lastKnownFileType = sourcecode.swift; path = Strings.swift; sourceTree = "<group>"; };
		799F7A632B6E69910080D304 /* HomePresenter.swift */ = {isa = PBXFileReference; lastKnownFileType = sourcecode.swift; path = HomePresenter.swift; sourceTree = "<group>"; };
		79A22EC92BFFE8E800FF13A0 /* RequestBuilder.swift */ = {isa = PBXFileReference; fileEncoding = 4; lastKnownFileType = sourcecode.swift; path = RequestBuilder.swift; sourceTree = "<group>"; };
		79A22ECF2BFFE9A400FF13A0 /* Networking.swift */ = {isa = PBXFileReference; lastKnownFileType = sourcecode.swift; path = Networking.swift; sourceTree = "<group>"; };
		79A22ED12BFFEF4700FF13A0 /* JSONDecoding.swift */ = {isa = PBXFileReference; lastKnownFileType = sourcecode.swift; path = JSONDecoding.swift; sourceTree = "<group>"; };
		79A22ED32BFFF5A600FF13A0 /* APIClient.swift */ = {isa = PBXFileReference; lastKnownFileType = sourcecode.swift; path = APIClient.swift; sourceTree = "<group>"; };
		79A8F89A2C2EFD16006F5855 /* ClassicQuizFetchParams.swift */ = {isa = PBXFileReference; lastKnownFileType = sourcecode.swift; path = ClassicQuizFetchParams.swift; sourceTree = "<group>"; };
		79A8F89D2C2F0F09006F5855 /* ClassicQuizPrompt.swift */ = {isa = PBXFileReference; lastKnownFileType = sourcecode.swift; path = ClassicQuizPrompt.swift; sourceTree = "<group>"; };
		79BB61BB2C2759A2004084C2 /* MultipleImagePreviewCell.swift */ = {isa = PBXFileReference; fileEncoding = 4; lastKnownFileType = sourcecode.swift; path = MultipleImagePreviewCell.swift; sourceTree = "<group>"; };
		79EB692B2C0A8386008C055D /* APIRequest.swift */ = {isa = PBXFileReference; lastKnownFileType = sourcecode.swift; path = APIRequest.swift; sourceTree = "<group>"; };
		79EB692D2C0A83CF008C055D /* APIError.swift */ = {isa = PBXFileReference; lastKnownFileType = sourcecode.swift; path = APIError.swift; sourceTree = "<group>"; };
/* End PBXFileReference section */

/* Begin PBXFrameworksBuildPhase section */
		7909A7702B53431E00417C60 /* Frameworks */ = {
			isa = PBXFrameworksBuildPhase;
			buildActionMask = 2147483647;
			files = (
				7909A7A32B53501400417C60 /* SnapKit in Frameworks */,
				79A22EC42BFFE32500FF13A0 /* Alamofire in Frameworks */,
				7909A7A02B534EF200417C60 /* SDWebImageMapKit in Frameworks */,
				7909A79E2B534EF200417C60 /* SDWebImage in Frameworks */,
				7909A7A52B53501400417C60 /* SnapKit-Dynamic in Frameworks */,
				79A22EC62BFFE32500FF13A0 /* AlamofireDynamic in Frameworks */,
				799F7A4F2B6E66A20080D304 /* SnapKit in Frameworks */,
				799F7A512B6E66A20080D304 /* SnapKit-Dynamic in Frameworks */,
			);
			runOnlyForDeploymentPostprocessing = 0;
		};
/* End PBXFrameworksBuildPhase section */

/* Begin PBXGroup section */
		7909A76A2B53431E00417C60 = {
			isa = PBXGroup;
			children = (
				7909A7752B53431E00417C60 /* Unknown */,
				7909A7742B53431E00417C60 /* Products */,
			);
			sourceTree = "<group>";
		};
		7909A7742B53431E00417C60 /* Products */ = {
			isa = PBXGroup;
			children = (
				7909A7732B53431E00417C60 /* Unknown.app */,
			);
			name = Products;
			sourceTree = "<group>";
		};
		7909A7752B53431E00417C60 /* Unknown */ = {
			isa = PBXGroup;
			children = (
				797E09CB2C2F6CFB00F0E074 /* Application */,
				796679022C2B62100079416C /* Source */,
				797E09CD2C2F6E6D00F0E074 /* Modules */,
			);
			path = Unknown;
			sourceTree = "<group>";
		};
		7909A7B92B535B6A00417C60 /* Fonts */ = {
			isa = PBXGroup;
			children = (
				7909A7C52B535B9D00417C60 /* SF-Pro-Display-Black.otf */,
				7909A7BA2B535B9D00417C60 /* SF-Pro-Display-Bold.otf */,
				7909A7C42B535B9D00417C60 /* SF-Pro-Display-Medium.otf */,
				7909A7C22B535B9D00417C60 /* SF-Pro-Display-Regular.otf */,
				7909A7C02B535B9D00417C60 /* SF-Pro-Display-Semibold.otf */,
			);
			path = Fonts;
			sourceTree = "<group>";
		};
		7909A7EF2B5365BE00417C60 /* Cells */ = {
			isa = PBXGroup;
			children = (
				792C01482C28C830003EA585 /* Questions */,
				790AEB592B6E61C7004A1784 /* Supplimentary */,
				7909A7982B534E7800417C60 /* HeaderCell.swift */,
				7909A7AD2B5357FD00417C60 /* ProcessingHeaderCell.swift */,
				7909A7B12B5358D300417C60 /* ContentCell.swift */,
				7909A7D62B535E5800417C60 /* HorizontalScrollCell.swift */,
				79BB61BB2C2759A2004084C2 /* MultipleImagePreviewCell.swift */,
				7909A7D82B535EA800417C60 /* MultipleImageCell.swift */,
			);
			path = Cells;
			sourceTree = "<group>";
		};
		7909A7F12B53665800417C60 /* Extensions */ = {
			isa = PBXGroup;
			children = (
				7909A7962B534D6500417C60 /* AVPlayer+Extension.swift */,
				7909A7DC2B53600E00417C60 /* UICollectionView+Extension.swift */,
				7909A7AF2B53589E00417C60 /* UIView+Extension.swift */,
				7909A7F32B5369BB00417C60 /* UICollectionReusableView+Extensions.swift */,
				7909A7F52B536B2B00417C60 /* CompositionalLayout+Extension.swift */,
				7909A7F72B536BEC00417C60 /* UIStackView+Extensions.swift */,
				7909A7F92B536C5F00417C60 /* Collection+Extension.swift */,
				79383C582C2B0B8900F1E3CB /* UIApplication+Extension.swift */,
			);
			path = Extensions;
			sourceTree = "<group>";
		};
		7909A7FB2B536E6400417C60 /* Resources */ = {
			isa = PBXGroup;
			children = (
				7909A7B92B535B6A00417C60 /* Fonts */,
				7909A77F2B53431F00417C60 /* Assets.xcassets */,
				7909A7B72B535AB600417C60 /* Colors.xcassets */,
				7909A7D42B535C3F00417C60 /* Strings.strings */,
				799F7A462B6E66270080D304 /* Assets.swift */,
				799F7A482B6E66270080D304 /* BundleToken.swift */,
				799F7A472B6E66270080D304 /* Colors.swift */,
				799F7A492B6E66270080D304 /* Strings.swift */,
				799F7A402B6E66180080D304 /* reface-assets.stencil */,
				799F7A412B6E66180080D304 /* reface-colors.stencil */,
				799F7A422B6E66180080D304 /* reface-strings.stencil */,
				7909A7FC2B536E7A00417C60 /* Fonts.swift */,
				7909A7E22B53631600417C60 /* searchEmptyResult.gif */,
			);
			path = Resources;
			sourceTree = "<group>";
		};
		790AEB592B6E61C7004A1784 /* Supplimentary */ = {
			isa = PBXGroup;
			children = (
				7909A7DE2B5361C000417C60 /* SectionHeaderView.swift */,
				790AEB5A2B6E61DF004A1784 /* BackgroundDecorationView.swift */,
				790AEB5C2B6E6240004A1784 /* HeaderView.swift */,
			);
			path = Supplimentary;
			sourceTree = "<group>";
		};
		792C01482C28C830003EA585 /* Questions */ = {
			isa = PBXGroup;
			children = (
				792C01462C28B891003EA585 /* ClassicQuizCell.swift */,
			);
			path = Questions;
			sourceTree = "<group>";
		};
		79383C532C2ADC7700F1E3CB /* ModelsDTO */ = {
			isa = PBXGroup;
			children = (
				79383C512C2ADC7300F1E3CB /* ModelsDTO.swift */,
			);
			path = ModelsDTO;
			sourceTree = "<group>";
		};
		796679022C2B62100079416C /* Source */ = {
			isa = PBXGroup;
			children = (
				797E09CC2C2F6E1200F0E074 /* Core */,
				79A22EC72BFFE35000FF13A0 /* Services */,
				79785ECF2C2CB0F100D4A1C6 /* Models */,
				796679032C2B62160079416C /* Views */,
			);
			path = Source;
			sourceTree = "<group>";
		};
		796679032C2B62160079416C /* Views */ = {
			isa = PBXGroup;
			children = (
				796679062C2B66680079416C /* LoaderButton */,
				7909A7B32B53593000417C60 /* GradientView.swift */,
				7939E3002C2E169100A5C480 /* InsetTextfield.swift */,
				7939E3042C2E20AF00A5C480 /* EmptyStateView.swift */,
				7909A7922B534CCA00417C60 /* VideoPlayerView.swift */,
				7909A7902B534C6E00417C60 /* LoopingVideoPlayerView.swift */,
			);
			path = Views;
			sourceTree = "<group>";
		};
		796679062C2B66680079416C /* LoaderButton */ = {
			isa = PBXGroup;
			children = (
				796679042C2B62260079416C /* LoaderButton.swift */,
				796679072C2B667C0079416C /* CirclesActivityIndicator.swift */,
			);
			path = LoaderButton;
			sourceTree = "<group>";
		};
		7969D90F2B895C7300A67963 /* MVP */ = {
			isa = PBXGroup;
			children = (
				7969D90B2B895C2800A67963 /* BaseViewController.swift */,
				7969D90D2B895C6800A67963 /* Presenter.swift */,
			);
			path = MVP;
			sourceTree = "<group>";
		};
		79785ECF2C2CB0F100D4A1C6 /* Models */ = {
			isa = PBXGroup;
			children = (
				79785ED02C2CB14600D4A1C6 /* ClassicQuizModel.swift */,
				79785ED22C2CBB7800D4A1C6 /* AnswerState.swift */,
				79A8F89A2C2EFD16006F5855 /* ClassicQuizFetchParams.swift */,
			);
			path = Models;
			sourceTree = "<group>";
		};
		797E09CB2C2F6CFB00F0E074 /* Application */ = {
			isa = PBXGroup;
			children = (
				7909A7762B53431E00417C60 /* AppDelegate.swift */,
				7939E3022C2E18BA00A5C480 /* AppConstants.swift */,
				7909A7782B53431E00417C60 /* SceneDelegate.swift */,
				7909A7FB2B536E6400417C60 /* Resources */,
				7909A7812B53431F00417C60 /* LaunchScreen.storyboard */,
				7909A7842B53431F00417C60 /* Info.plist */,
				7906445D2C30541A00352F6F /* GoogleService-Info.plist */,
			);
			path = Application;
			sourceTree = "<group>";
		};
		797E09CC2C2F6E1200F0E074 /* Core */ = {
			isa = PBXGroup;
			children = (
				7909A7F12B53665800417C60 /* Extensions */,
				7969D90F2B895C7300A67963 /* MVP */,
				7909A7942B534D1F00417C60 /* NoNibView.swift */,
				7909A78E2B53459800417C60 /* HashItem.swift */,
				7909A7A62B53538400417C60 /* ControlTouchRecognizer.swift */,
				7909A7A92B5355E400417C60 /* DisplayLink.swift */,
				7909A7E02B53620400417C60 /* NoNibCollectionReusableView.swift */,
				7909A78C2B53444400417C60 /* Command.swift */,
				7909A79A2B534E9E00417C60 /* ImageCell.swift */,
				7909A7E52B5363C300417C60 /* LimitedArray.swift */,
				7909A7E92B53649C00417C60 /* Atomic.swift */,
				7909A7EB2B53652D00417C60 /* Publisher+Extension.swift */,
				7909A7ED2B53657500417C60 /* Array+Extension.swift */,
			);
			path = Core;
			sourceTree = "<group>";
		};
		797E09CD2C2F6E6D00F0E074 /* Modules */ = {
			isa = PBXGroup;
			children = (
				799F7A622B6E69690080D304 /* Home */,
			);
			path = Modules;
			sourceTree = "<group>";
		};
		799F7A622B6E69690080D304 /* Home */ = {
			isa = PBXGroup;
			children = (
				7909A78A2B53441900417C60 /* HomeCollectionView.swift */,
				7909A77A2B53431E00417C60 /* HomeViewController.swift */,
				799F7A632B6E69910080D304 /* HomePresenter.swift */,
				79383C542C2AF7B900F1E3CB /* HomeUtils.swift */,
				7909A7EF2B5365BE00417C60 /* Cells */,
			);
			path = Home;
			sourceTree = "<group>";
		};
		79A22EC72BFFE35000FF13A0 /* Services */ = {
			isa = PBXGroup;
			children = (
				79A8F89C2C2F0EE7006F5855 /* Fetching */,
				79A22EC82BFFE36000FF13A0 /* Networking */,
				79785ECD2C2CB05400D4A1C6 /* AnswerService.swift */,
			);
			path = Services;
			sourceTree = "<group>";
		};
		79A22EC82BFFE36000FF13A0 /* Networking */ = {
			isa = PBXGroup;
			children = (
				79383C532C2ADC7700F1E3CB /* ModelsDTO */,
				79A22EC92BFFE8E800FF13A0 /* RequestBuilder.swift */,
				79A22ECF2BFFE9A400FF13A0 /* Networking.swift */,
				79A22ED12BFFEF4700FF13A0 /* JSONDecoding.swift */,
				79A22ED32BFFF5A600FF13A0 /* APIClient.swift */,
				79EB692B2C0A8386008C055D /* APIRequest.swift */,
				79EB692D2C0A83CF008C055D /* APIError.swift */,
			);
			path = Networking;
			sourceTree = "<group>";
		};
		79A8F89C2C2F0EE7006F5855 /* Fetching */ = {
			isa = PBXGroup;
			children = (
				79A8F89D2C2F0F09006F5855 /* ClassicQuizPrompt.swift */,
			);
			path = Fetching;
			sourceTree = "<group>";
		};
/* End PBXGroup section */

/* Begin PBXNativeTarget section */
		7909A7722B53431E00417C60 /* Unknown */ = {
			isa = PBXNativeTarget;
			buildConfigurationList = 7909A7872B53431F00417C60 /* Build configuration list for PBXNativeTarget "Unknown" */;
			buildPhases = (
				7909A76F2B53431E00417C60 /* Sources */,
				7909A7702B53431E00417C60 /* Frameworks */,
				7909A7712B53431E00417C60 /* Resources */,
				79752CD52C30B1620034F03D /* Embed Frameworks */,
			);
			buildRules = (
			);
			dependencies = (
			);
			name = Unknown;
			packageProductDependencies = (
				7909A79D2B534EF200417C60 /* SDWebImage */,
				7909A79F2B534EF200417C60 /* SDWebImageMapKit */,
				7909A7A22B53501400417C60 /* SnapKit */,
				7909A7A42B53501400417C60 /* SnapKit-Dynamic */,
				799F7A4E2B6E66A20080D304 /* SnapKit */,
				799F7A502B6E66A20080D304 /* SnapKit-Dynamic */,
				79A22EC32BFFE32500FF13A0 /* Alamofire */,
				79A22EC52BFFE32500FF13A0 /* AlamofireDynamic */,
			);
			productName = Unknown;
			productReference = 7909A7732B53431E00417C60 /* Unknown.app */;
			productType = "com.apple.product-type.application";
		};
/* End PBXNativeTarget section */

/* Begin PBXProject section */
		7909A76B2B53431E00417C60 /* Project object */ = {
			isa = PBXProject;
			attributes = {
				BuildIndependentTargetsInParallel = 1;
				LastSwiftUpdateCheck = 1500;
				LastUpgradeCheck = 1500;
				TargetAttributes = {
					7909A7722B53431E00417C60 = {
						CreatedOnToolsVersion = 15.0;
					};
				};
			};
			buildConfigurationList = 7909A76E2B53431E00417C60 /* Build configuration list for PBXProject "Unknown" */;
			compatibilityVersion = "Xcode 14.0";
			developmentRegion = en;
			hasScannedForEncodings = 0;
			knownRegions = (
				en,
				Base,
			);
			mainGroup = 7909A76A2B53431E00417C60;
			packageReferences = (
				7909A79C2B534EF200417C60 /* XCRemoteSwiftPackageReference "SDWebImage" */,
				7909A7A12B53501400417C60 /* XCRemoteSwiftPackageReference "SnapKit" */,
				79A22EC22BFFE32500FF13A0 /* XCRemoteSwiftPackageReference "Alamofire" */,
			);
			productRefGroup = 7909A7742B53431E00417C60 /* Products */;
			projectDirPath = "";
			projectRoot = "";
			targets = (
				7909A7722B53431E00417C60 /* Unknown */,
			);
		};
/* End PBXProject section */

/* Begin PBXResourcesBuildPhase section */
		7909A7712B53431E00417C60 /* Resources */ = {
			isa = PBXResourcesBuildPhase;
			buildActionMask = 2147483647;
			files = (
				7909A7D52B535C3F00417C60 /* Strings.strings in Resources */,
				7909A7832B53431F00417C60 /* LaunchScreen.storyboard in Resources */,
				7909A7CE2B535B9D00417C60 /* SF-Pro-Display-Regular.otf in Resources */,
				799F7A432B6E66180080D304 /* reface-assets.stencil in Resources */,
				799F7A442B6E66180080D304 /* reface-colors.stencil in Resources */,
				7909A7C62B535B9D00417C60 /* SF-Pro-Display-Bold.otf in Resources */,
				7909A7E32B53631600417C60 /* searchEmptyResult.gif in Resources */,
				799F7A452B6E66180080D304 /* reface-strings.stencil in Resources */,
				7909A7D12B535B9D00417C60 /* SF-Pro-Display-Black.otf in Resources */,
				7909A7B82B535AB600417C60 /* Colors.xcassets in Resources */,
				7909A7802B53431F00417C60 /* Assets.xcassets in Resources */,
				7909A7D02B535B9D00417C60 /* SF-Pro-Display-Medium.otf in Resources */,
				7909A7CC2B535B9D00417C60 /* SF-Pro-Display-Semibold.otf in Resources */,
				7906445E2C30541A00352F6F /* GoogleService-Info.plist in Resources */,
			);
			runOnlyForDeploymentPostprocessing = 0;
		};
/* End PBXResourcesBuildPhase section */

/* Begin PBXSourcesBuildPhase section */
		7909A76F2B53431E00417C60 /* Sources */ = {
			isa = PBXSourcesBuildPhase;
			buildActionMask = 2147483647;
			files = (
				7909A7DD2B53600E00417C60 /* UICollectionView+Extension.swift in Sources */,
				7909A7B42B53593000417C60 /* GradientView.swift in Sources */,
				7909A7E62B5363C300417C60 /* LimitedArray.swift in Sources */,
				79785ED32C2CBB7800D4A1C6 /* AnswerState.swift in Sources */,
				7939E3052C2E20AF00A5C480 /* EmptyStateView.swift in Sources */,
				7909A7EC2B53652D00417C60 /* Publisher+Extension.swift in Sources */,
				79383C552C2AF7B900F1E3CB /* HomeUtils.swift in Sources */,
				79383C522C2ADC7300F1E3CB /* ModelsDTO.swift in Sources */,
				7909A7D92B535EA800417C60 /* MultipleImageCell.swift in Sources */,
				790AEB5D2B6E6240004A1784 /* HeaderView.swift in Sources */,
				79A22ED42BFFF5A600FF13A0 /* APIClient.swift in Sources */,
				7909A7A72B53538400417C60 /* ControlTouchRecognizer.swift in Sources */,
				7939E3032C2E18BA00A5C480 /* AppConstants.swift in Sources */,
				79EB692C2C0A8386008C055D /* APIRequest.swift in Sources */,
				7909A77B2B53431E00417C60 /* HomeViewController.swift in Sources */,
				7909A7972B534D6500417C60 /* AVPlayer+Extension.swift in Sources */,
				7909A7DF2B5361C000417C60 /* SectionHeaderView.swift in Sources */,
				7909A7B22B5358D300417C60 /* ContentCell.swift in Sources */,
				7939E3012C2E169100A5C480 /* InsetTextfield.swift in Sources */,
				7909A7FA2B536C5F00417C60 /* Collection+Extension.swift in Sources */,
				79785ED12C2CB14600D4A1C6 /* ClassicQuizModel.swift in Sources */,
				7909A7772B53431E00417C60 /* AppDelegate.swift in Sources */,
				7909A7F82B536BEC00417C60 /* UIStackView+Extensions.swift in Sources */,
				79A22ED22BFFEF4700FF13A0 /* JSONDecoding.swift in Sources */,
				79A8F89B2C2EFD16006F5855 /* ClassicQuizFetchParams.swift in Sources */,
				7909A7792B53431E00417C60 /* SceneDelegate.swift in Sources */,
				79A22ECA2BFFE8E800FF13A0 /* RequestBuilder.swift in Sources */,
				7909A7F62B536B2B00417C60 /* CompositionalLayout+Extension.swift in Sources */,
				79A22ED02BFFE9A400FF13A0 /* Networking.swift in Sources */,
				796679082C2B667C0079416C /* CirclesActivityIndicator.swift in Sources */,
				7909A7EA2B53649C00417C60 /* Atomic.swift in Sources */,
				799F7A642B6E69910080D304 /* HomePresenter.swift in Sources */,
				7909A78D2B53444400417C60 /* Command.swift in Sources */,
				7909A7D72B535E5800417C60 /* HorizontalScrollCell.swift in Sources */,
				7909A79B2B534E9E00417C60 /* ImageCell.swift in Sources */,
				7909A7B02B53589E00417C60 /* UIView+Extension.swift in Sources */,
				7909A7FD2B536E7A00417C60 /* Fonts.swift in Sources */,
				7969D90C2B895C2800A67963 /* BaseViewController.swift in Sources */,
				79A8F89E2C2F0F09006F5855 /* ClassicQuizPrompt.swift in Sources */,
				792C01472C28B891003EA585 /* ClassicQuizCell.swift in Sources */,
				7909A78F2B53459800417C60 /* HashItem.swift in Sources */,
				79785ECE2C2CB05400D4A1C6 /* AnswerService.swift in Sources */,
				790AEB5B2B6E61DF004A1784 /* BackgroundDecorationView.swift in Sources */,
				7909A7AA2B5355E400417C60 /* DisplayLink.swift in Sources */,
				7909A7EE2B53657500417C60 /* Array+Extension.swift in Sources */,
				7909A7952B534D1F00417C60 /* NoNibView.swift in Sources */,
				7909A7932B534CCA00417C60 /* VideoPlayerView.swift in Sources */,
				79EB692E2C0A83CF008C055D /* APIError.swift in Sources */,
				7909A7AE2B5357FD00417C60 /* ProcessingHeaderCell.swift in Sources */,
				79BB61BC2C2759A2004084C2 /* MultipleImagePreviewCell.swift in Sources */,
				7909A78B2B53441900417C60 /* HomeCollectionView.swift in Sources */,
				7909A7992B534E7800417C60 /* HeaderCell.swift in Sources */,
				796679052C2B62260079416C /* LoaderButton.swift in Sources */,
				7909A7E12B53620400417C60 /* NoNibCollectionReusableView.swift in Sources */,
				7969D90E2B895C6800A67963 /* Presenter.swift in Sources */,
				7909A7912B534C6E00417C60 /* LoopingVideoPlayerView.swift in Sources */,
				79383C592C2B0B8900F1E3CB /* UIApplication+Extension.swift in Sources */,
				7909A7F42B5369BB00417C60 /* UICollectionReusableView+Extensions.swift in Sources */,
			);
			runOnlyForDeploymentPostprocessing = 0;
		};
/* End PBXSourcesBuildPhase section */

/* Begin PBXVariantGroup section */
		7909A7812B53431F00417C60 /* LaunchScreen.storyboard */ = {
			isa = PBXVariantGroup;
			children = (
				7909A7822B53431F00417C60 /* Base */,
			);
			name = LaunchScreen.storyboard;
			sourceTree = "<group>";
		};
/* End PBXVariantGroup section */

/* Begin XCBuildConfiguration section */
		7909A7852B53431F00417C60 /* Debug */ = {
			isa = XCBuildConfiguration;
			buildSettings = {
				ALWAYS_SEARCH_USER_PATHS = NO;
				ASSETCATALOG_COMPILER_GENERATE_SWIFT_ASSET_SYMBOL_EXTENSIONS = YES;
				CLANG_ANALYZER_NONNULL = YES;
				CLANG_ANALYZER_NUMBER_OBJECT_CONVERSION = YES_AGGRESSIVE;
				CLANG_CXX_LANGUAGE_STANDARD = "gnu++20";
				CLANG_ENABLE_MODULES = YES;
				CLANG_ENABLE_OBJC_ARC = YES;
				CLANG_ENABLE_OBJC_WEAK = YES;
				CLANG_WARN_BLOCK_CAPTURE_AUTORELEASING = YES;
				CLANG_WARN_BOOL_CONVERSION = YES;
				CLANG_WARN_COMMA = YES;
				CLANG_WARN_CONSTANT_CONVERSION = YES;
				CLANG_WARN_DEPRECATED_OBJC_IMPLEMENTATIONS = YES;
				CLANG_WARN_DIRECT_OBJC_ISA_USAGE = YES_ERROR;
				CLANG_WARN_DOCUMENTATION_COMMENTS = YES;
				CLANG_WARN_EMPTY_BODY = YES;
				CLANG_WARN_ENUM_CONVERSION = YES;
				CLANG_WARN_INFINITE_RECURSION = YES;
				CLANG_WARN_INT_CONVERSION = YES;
				CLANG_WARN_NON_LITERAL_NULL_CONVERSION = YES;
				CLANG_WARN_OBJC_IMPLICIT_RETAIN_SELF = YES;
				CLANG_WARN_OBJC_LITERAL_CONVERSION = YES;
				CLANG_WARN_OBJC_ROOT_CLASS = YES_ERROR;
				CLANG_WARN_QUOTED_INCLUDE_IN_FRAMEWORK_HEADER = YES;
				CLANG_WARN_RANGE_LOOP_ANALYSIS = YES;
				CLANG_WARN_STRICT_PROTOTYPES = YES;
				CLANG_WARN_SUSPICIOUS_MOVE = YES;
				CLANG_WARN_UNGUARDED_AVAILABILITY = YES_AGGRESSIVE;
				CLANG_WARN_UNREACHABLE_CODE = YES;
				CLANG_WARN__DUPLICATE_METHOD_MATCH = YES;
				COPY_PHASE_STRIP = NO;
				DEBUG_INFORMATION_FORMAT = dwarf;
				ENABLE_STRICT_OBJC_MSGSEND = YES;
				ENABLE_TESTABILITY = YES;
				ENABLE_USER_SCRIPT_SANDBOXING = YES;
				GCC_C_LANGUAGE_STANDARD = gnu17;
				GCC_DYNAMIC_NO_PIC = NO;
				GCC_NO_COMMON_BLOCKS = YES;
				GCC_OPTIMIZATION_LEVEL = 0;
				GCC_PREPROCESSOR_DEFINITIONS = (
					"DEBUG=1",
					"$(inherited)",
				);
				GCC_WARN_64_TO_32_BIT_CONVERSION = YES;
				GCC_WARN_ABOUT_RETURN_TYPE = YES_ERROR;
				GCC_WARN_UNDECLARED_SELECTOR = YES;
				GCC_WARN_UNINITIALIZED_AUTOS = YES_AGGRESSIVE;
				GCC_WARN_UNUSED_FUNCTION = YES;
				GCC_WARN_UNUSED_VARIABLE = YES;
				IPHONEOS_DEPLOYMENT_TARGET = 17.0;
				LOCALIZATION_PREFERS_STRING_CATALOGS = YES;
				MTL_ENABLE_DEBUG_INFO = INCLUDE_SOURCE;
				MTL_FAST_MATH = YES;
				ONLY_ACTIVE_ARCH = YES;
				SDKROOT = iphoneos;
				SWIFT_ACTIVE_COMPILATION_CONDITIONS = "DEBUG $(inherited)";
				SWIFT_OPTIMIZATION_LEVEL = "-Onone";
			};
			name = Debug;
		};
		7909A7862B53431F00417C60 /* Release */ = {
			isa = XCBuildConfiguration;
			buildSettings = {
				ALWAYS_SEARCH_USER_PATHS = NO;
				ASSETCATALOG_COMPILER_GENERATE_SWIFT_ASSET_SYMBOL_EXTENSIONS = YES;
				CLANG_ANALYZER_NONNULL = YES;
				CLANG_ANALYZER_NUMBER_OBJECT_CONVERSION = YES_AGGRESSIVE;
				CLANG_CXX_LANGUAGE_STANDARD = "gnu++20";
				CLANG_ENABLE_MODULES = YES;
				CLANG_ENABLE_OBJC_ARC = YES;
				CLANG_ENABLE_OBJC_WEAK = YES;
				CLANG_WARN_BLOCK_CAPTURE_AUTORELEASING = YES;
				CLANG_WARN_BOOL_CONVERSION = YES;
				CLANG_WARN_COMMA = YES;
				CLANG_WARN_CONSTANT_CONVERSION = YES;
				CLANG_WARN_DEPRECATED_OBJC_IMPLEMENTATIONS = YES;
				CLANG_WARN_DIRECT_OBJC_ISA_USAGE = YES_ERROR;
				CLANG_WARN_DOCUMENTATION_COMMENTS = YES;
				CLANG_WARN_EMPTY_BODY = YES;
				CLANG_WARN_ENUM_CONVERSION = YES;
				CLANG_WARN_INFINITE_RECURSION = YES;
				CLANG_WARN_INT_CONVERSION = YES;
				CLANG_WARN_NON_LITERAL_NULL_CONVERSION = YES;
				CLANG_WARN_OBJC_IMPLICIT_RETAIN_SELF = YES;
				CLANG_WARN_OBJC_LITERAL_CONVERSION = YES;
				CLANG_WARN_OBJC_ROOT_CLASS = YES_ERROR;
				CLANG_WARN_QUOTED_INCLUDE_IN_FRAMEWORK_HEADER = YES;
				CLANG_WARN_RANGE_LOOP_ANALYSIS = YES;
				CLANG_WARN_STRICT_PROTOTYPES = YES;
				CLANG_WARN_SUSPICIOUS_MOVE = YES;
				CLANG_WARN_UNGUARDED_AVAILABILITY = YES_AGGRESSIVE;
				CLANG_WARN_UNREACHABLE_CODE = YES;
				CLANG_WARN__DUPLICATE_METHOD_MATCH = YES;
				COPY_PHASE_STRIP = NO;
				DEBUG_INFORMATION_FORMAT = "dwarf-with-dsym";
				ENABLE_NS_ASSERTIONS = NO;
				ENABLE_STRICT_OBJC_MSGSEND = YES;
				ENABLE_USER_SCRIPT_SANDBOXING = YES;
				GCC_C_LANGUAGE_STANDARD = gnu17;
				GCC_NO_COMMON_BLOCKS = YES;
				GCC_WARN_64_TO_32_BIT_CONVERSION = YES;
				GCC_WARN_ABOUT_RETURN_TYPE = YES_ERROR;
				GCC_WARN_UNDECLARED_SELECTOR = YES;
				GCC_WARN_UNINITIALIZED_AUTOS = YES_AGGRESSIVE;
				GCC_WARN_UNUSED_FUNCTION = YES;
				GCC_WARN_UNUSED_VARIABLE = YES;
				IPHONEOS_DEPLOYMENT_TARGET = 17.0;
				LOCALIZATION_PREFERS_STRING_CATALOGS = YES;
				MTL_ENABLE_DEBUG_INFO = NO;
				MTL_FAST_MATH = YES;
				SDKROOT = iphoneos;
				SWIFT_COMPILATION_MODE = wholemodule;
				VALIDATE_PRODUCT = YES;
			};
			name = Release;
		};
		7909A7882B53431F00417C60 /* Debug */ = {
			isa = XCBuildConfiguration;
			buildSettings = {
				ASSETCATALOG_COMPILER_APPICON_NAME = AppIcon;
				ASSETCATALOG_COMPILER_GLOBAL_ACCENT_COLOR_NAME = AccentColor;
				CODE_SIGN_STYLE = Automatic;
				CURRENT_PROJECT_VERSION = 1;
				DEVELOPMENT_TEAM = XC8MJ87UQY;
				GENERATE_INFOPLIST_FILE = YES;
				INFOPLIST_FILE = Unknown/Info.plist;
				INFOPLIST_KEY_UIApplicationSupportsIndirectInputEvents = YES;
				INFOPLIST_KEY_UILaunchStoryboardName = LaunchScreen.storyboard;
				INFOPLIST_KEY_UISupportedInterfaceOrientations_iPad = "UIInterfaceOrientationPortrait UIInterfaceOrientationPortraitUpsideDown UIInterfaceOrientationLandscapeLeft UIInterfaceOrientationLandscapeRight";
				INFOPLIST_KEY_UISupportedInterfaceOrientations_iPhone = "UIInterfaceOrientationPortrait UIInterfaceOrientationLandscapeLeft UIInterfaceOrientationLandscapeRight";
				IPHONEOS_DEPLOYMENT_TARGET = 15.0;
				LD_RUNPATH_SEARCH_PATHS = (
					"$(inherited)",
					"@executable_path/Frameworks",
				);
				MARKETING_VERSION = 0.0.1;
				PRODUCT_BUNDLE_IDENTIFIER = "com.kefir-ios.trivia-arena-io";
				PRODUCT_NAME = "$(TARGET_NAME)";
				SWIFT_EMIT_LOC_STRINGS = YES;
				SWIFT_VERSION = 5.0;
				TARGETED_DEVICE_FAMILY = "1,2";
			};
			name = Debug;
		};
		7909A7892B53431F00417C60 /* Release */ = {
			isa = XCBuildConfiguration;
			buildSettings = {
				ASSETCATALOG_COMPILER_APPICON_NAME = AppIcon;
				ASSETCATALOG_COMPILER_GLOBAL_ACCENT_COLOR_NAME = AccentColor;
				CODE_SIGN_STYLE = Automatic;
				CURRENT_PROJECT_VERSION = 1;
				DEVELOPMENT_TEAM = XC8MJ87UQY;
				GENERATE_INFOPLIST_FILE = YES;
				INFOPLIST_FILE = Unknown/Info.plist;
				INFOPLIST_KEY_UIApplicationSupportsIndirectInputEvents = YES;
				INFOPLIST_KEY_UILaunchStoryboardName = LaunchScreen.storyboard;
				INFOPLIST_KEY_UISupportedInterfaceOrientations_iPad = "UIInterfaceOrientationPortrait UIInterfaceOrientationPortraitUpsideDown UIInterfaceOrientationLandscapeLeft UIInterfaceOrientationLandscapeRight";
				INFOPLIST_KEY_UISupportedInterfaceOrientations_iPhone = "UIInterfaceOrientationPortrait UIInterfaceOrientationLandscapeLeft UIInterfaceOrientationLandscapeRight";
				IPHONEOS_DEPLOYMENT_TARGET = 15.0;
				LD_RUNPATH_SEARCH_PATHS = (
					"$(inherited)",
					"@executable_path/Frameworks",
				);
				MARKETING_VERSION = 0.0.1;
				PRODUCT_BUNDLE_IDENTIFIER = "com.kefir-ios.trivia-arena-io";
				PRODUCT_NAME = "$(TARGET_NAME)";
				SWIFT_EMIT_LOC_STRINGS = YES;
				SWIFT_VERSION = 5.0;
				TARGETED_DEVICE_FAMILY = "1,2";
			};
			name = Release;
		};
/* End XCBuildConfiguration section */

/* Begin XCConfigurationList section */
		7909A76E2B53431E00417C60 /* Build configuration list for PBXProject "Unknown" */ = {
			isa = XCConfigurationList;
			buildConfigurations = (
				7909A7852B53431F00417C60 /* Debug */,
				7909A7862B53431F00417C60 /* Release */,
			);
			defaultConfigurationIsVisible = 0;
			defaultConfigurationName = Release;
		};
		7909A7872B53431F00417C60 /* Build configuration list for PBXNativeTarget "Unknown" */ = {
			isa = XCConfigurationList;
			buildConfigurations = (
				7909A7882B53431F00417C60 /* Debug */,
				7909A7892B53431F00417C60 /* Release */,
			);
			defaultConfigurationIsVisible = 0;
			defaultConfigurationName = Release;
		};
/* End XCConfigurationList section */

/* Begin XCRemoteSwiftPackageReference section */
		7909A79C2B534EF200417C60 /* XCRemoteSwiftPackageReference "SDWebImage" */ = {
			isa = XCRemoteSwiftPackageReference;
			repositoryURL = "https://github.com/SDWebImage/SDWebImage";
			requirement = {
				kind = exactVersion;
				version = 5.18.10;
			};
		};
		7909A7A12B53501400417C60 /* XCRemoteSwiftPackageReference "SnapKit" */ = {
			isa = XCRemoteSwiftPackageReference;
			repositoryURL = "https://github.com/SnapKit/SnapKit";
			requirement = {
				kind = exactVersion;
				version = 5.7.0;
			};
		};
		79A22EC22BFFE32500FF13A0 /* XCRemoteSwiftPackageReference "Alamofire" */ = {
			isa = XCRemoteSwiftPackageReference;
			repositoryURL = "https://github.com/Alamofire/Alamofire.git";
			requirement = {
				kind = exactVersion;
				version = 5.9.1;
			};
		};
/* End XCRemoteSwiftPackageReference section */

/* Begin XCSwiftPackageProductDependency section */
		7909A79D2B534EF200417C60 /* SDWebImage */ = {
			isa = XCSwiftPackageProductDependency;
			package = 7909A79C2B534EF200417C60 /* XCRemoteSwiftPackageReference "SDWebImage" */;
			productName = SDWebImage;
		};
		7909A79F2B534EF200417C60 /* SDWebImageMapKit */ = {
			isa = XCSwiftPackageProductDependency;
			package = 7909A79C2B534EF200417C60 /* XCRemoteSwiftPackageReference "SDWebImage" */;
			productName = SDWebImageMapKit;
		};
		7909A7A22B53501400417C60 /* SnapKit */ = {
			isa = XCSwiftPackageProductDependency;
			package = 7909A7A12B53501400417C60 /* XCRemoteSwiftPackageReference "SnapKit" */;
			productName = SnapKit;
		};
		7909A7A42B53501400417C60 /* SnapKit-Dynamic */ = {
			isa = XCSwiftPackageProductDependency;
			package = 7909A7A12B53501400417C60 /* XCRemoteSwiftPackageReference "SnapKit" */;
			productName = "SnapKit-Dynamic";
		};
		799F7A4E2B6E66A20080D304 /* SnapKit */ = {
			isa = XCSwiftPackageProductDependency;
			package = 7909A7A12B53501400417C60 /* XCRemoteSwiftPackageReference "SnapKit" */;
			productName = SnapKit;
		};
		799F7A502B6E66A20080D304 /* SnapKit-Dynamic */ = {
			isa = XCSwiftPackageProductDependency;
			package = 7909A7A12B53501400417C60 /* XCRemoteSwiftPackageReference "SnapKit" */;
			productName = "SnapKit-Dynamic";
		};
		79A22EC32BFFE32500FF13A0 /* Alamofire */ = {
			isa = XCSwiftPackageProductDependency;
			package = 79A22EC22BFFE32500FF13A0 /* XCRemoteSwiftPackageReference "Alamofire" */;
			productName = Alamofire;
		};
		79A22EC52BFFE32500FF13A0 /* AlamofireDynamic */ = {
			isa = XCSwiftPackageProductDependency;
			package = 79A22EC22BFFE32500FF13A0 /* XCRemoteSwiftPackageReference "Alamofire" */;
			productName = AlamofireDynamic;
		};
/* End XCSwiftPackageProductDependency section */
	};
	rootObject = 7909A76B2B53431E00417C60 /* Project object */;
}
